// !$*UTF8*$!
{
	archiveVersion = 1;
	classes = {
	};
	objectVersion = 46;
	objects = {

/* Begin PBXBuildFile section */
		4532F4B91C02F85200EA9771 /* AppDelegate.swift in Sources */ = {isa = PBXBuildFile; fileRef = 4532F4B81C02F85200EA9771 /* AppDelegate.swift */; };
		4532F4BB1C02F85200EA9771 /* MasterViewController.swift in Sources */ = {isa = PBXBuildFile; fileRef = 4532F4BA1C02F85200EA9771 /* MasterViewController.swift */; };
		4532F4BD1C02F85200EA9771 /* DetailViewController.swift in Sources */ = {isa = PBXBuildFile; fileRef = 4532F4BC1C02F85200EA9771 /* DetailViewController.swift */; };
		4532F4C01C02F85200EA9771 /* Main.storyboard in Resources */ = {isa = PBXBuildFile; fileRef = 4532F4BE1C02F85200EA9771 /* Main.storyboard */; };
		4532F4C21C02F85200EA9771 /* Assets.xcassets in Resources */ = {isa = PBXBuildFile; fileRef = 4532F4C11C02F85200EA9771 /* Assets.xcassets */; };
		4532F4C51C02F85200EA9771 /* LaunchScreen.storyboard in Resources */ = {isa = PBXBuildFile; fileRef = 4532F4C31C02F85200EA9771 /* LaunchScreen.storyboard */; };
/* End PBXBuildFile section */

/* Begin PBXFileReference section */
		4532F4B51C02F85200EA9771 /* UserProfile.app */ = {isa = PBXFileReference; explicitFileType = wrapper.application; includeInIndex = 0; path = UserProfile.app; sourceTree = BUILT_PRODUCTS_DIR; };
		4532F4B81C02F85200EA9771 /* AppDelegate.swift */ = {isa = PBXFileReference; lastKnownFileType = sourcecode.swift; path = AppDelegate.swift; sourceTree = "<group>"; };
		4532F4BA1C02F85200EA9771 /* MasterViewController.swift */ = {isa = PBXFileReference; lastKnownFileType = sourcecode.swift; path = MasterViewController.swift; sourceTree = "<group>"; };
		4532F4BC1C02F85200EA9771 /* DetailViewController.swift */ = {isa = PBXFileReference; lastKnownFileType = sourcecode.swift; path = DetailViewController.swift; sourceTree = "<group>"; };
		4532F4BF1C02F85200EA9771 /* Base */ = {isa = PBXFileReference; lastKnownFileType = file.storyboard; name = Base; path = Base.lproj/Main.storyboard; sourceTree = "<group>"; };
		4532F4C11C02F85200EA9771 /* Assets.xcassets */ = {isa = PBXFileReference; lastKnownFileType = folder.assetcatalog; path = Assets.xcassets; sourceTree = "<group>"; };
		4532F4C41C02F85200EA9771 /* Base */ = {isa = PBXFileReference; lastKnownFileType = file.storyboard; name = Base; path = Base.lproj/LaunchScreen.storyboard; sourceTree = "<group>"; };
		4532F4C61C02F85200EA9771 /* Info.plist */ = {isa = PBXFileReference; lastKnownFileType = text.plist.xml; path = Info.plist; sourceTree = "<group>"; };
/* End PBXFileReference section */

/* Begin PBXFrameworksBuildPhase section */
		4532F4B21C02F85200EA9771 /* Frameworks */ = {
			isa = PBXFrameworksBuildPhase;
			buildActionMask = 2147483647;
			files = (
			);
			runOnlyForDeploymentPostprocessing = 0;
		};
/* End PBXFrameworksBuildPhase section */

/* Begin PBXGroup section */
		4532F4AC1C02F85200EA9771 = {
			isa = PBXGroup;
			children = (
				4532F4B71C02F85200EA9771 /* UserProfile */,
				4532F4B61C02F85200EA9771 /* Products */,
			);
			sourceTree = "<group>";
		};
		4532F4B61C02F85200EA9771 /* Products */ = {
			isa = PBXGroup;
			children = (
				4532F4B51C02F85200EA9771 /* UserProfile.app */,
			);
			name = Products;
			sourceTree = "<group>";
		};
		4532F4B71C02F85200EA9771 /* UserProfile */ = {
			isa = PBXGroup;
			children = (
				4532F4B81C02F85200EA9771 /* AppDelegate.swift */,
				4532F4BA1C02F85200EA9771 /* MasterViewController.swift */,
				4532F4BC1C02F85200EA9771 /* DetailViewController.swift */,
				4532F4BE1C02F85200EA9771 /* Main.storyboard */,
				4532F4C11C02F85200EA9771 /* Assets.xcassets */,
				4532F4C31C02F85200EA9771 /* LaunchScreen.storyboard */,
				4532F4C61C02F85200EA9771 /* Info.plist */,
			);
			path = UserProfile;
			sourceTree = "<group>";
		};
/* End PBXGroup section */

/* Begin PBXNativeTarget section */
		4532F4B41C02F85200EA9771 /* UserProfile */ = {
			isa = PBXNativeTarget;
			buildConfigurationList = 4532F4C91C02F85200EA9771 /* Build configuration list for PBXNativeTarget "UserProfile" */;
			buildPhases = (
				4532F4B11C02F85200EA9771 /* Sources */,
				4532F4B21C02F85200EA9771 /* Frameworks */,
				4532F4B31C02F85200EA9771 /* Resources */,
			);
			buildRules = (
			);
			dependencies = (
			);
			name = UserProfile;
			productName = UserProfile;
			productReference = 4532F4B51C02F85200EA9771 /* UserProfile.app */;
			productType = "com.apple.product-type.application";
		};
/* End PBXNativeTarget section */

/* Begin PBXProject section */
		4532F4AD1C02F85200EA9771 /* Project object */ = {
			isa = PBXProject;
			attributes = {
				LastSwiftUpdateCheck = 0710;
				LastUpgradeCheck = 0710;
				ORGANIZATIONNAME = "Thanh Hoang";
				TargetAttributes = {
					4532F4B41C02F85200EA9771 = {
						CreatedOnToolsVersion = 7.1.1;
						DevelopmentTeam = 8HUCX3AGT4;
					};
				};
			};
			buildConfigurationList = 4532F4B01C02F85200EA9771 /* Build configuration list for PBXProject "UserProfile" */;
			compatibilityVersion = "Xcode 3.2";
			developmentRegion = English;
			hasScannedForEncodings = 0;
			knownRegions = (
				en,
				Base,
			);
			mainGroup = 4532F4AC1C02F85200EA9771;
			productRefGroup = 4532F4B61C02F85200EA9771 /* Products */;
			projectDirPath = "";
			projectRoot = "";
			targets = (
				4532F4B41C02F85200EA9771 /* UserProfile */,
			);
		};
/* End PBXProject section */

/* Begin PBXResourcesBuildPhase section */
		4532F4B31C02F85200EA9771 /* Resources */ = {
			isa = PBXResourcesBuildPhase;
			buildActionMask = 2147483647;
			files = (
				4532F4C51C02F85200EA9771 /* LaunchScreen.storyboard in Resources */,
				4532F4C21C02F85200EA9771 /* Assets.xcassets in Resources */,
				4532F4C01C02F85200EA9771 /* Main.storyboard in Resources */,
			);
			runOnlyForDeploymentPostprocessing = 0;
		};
/* End PBXResourcesBuildPhase section */

/* Begin PBXSourcesBuildPhase section */
		4532F4B11C02F85200EA9771 /* Sources */ = {
			isa = PBXSourcesBuildPhase;
			buildActionMask = 2147483647;
			files = (
				4532F4BD1C02F85200EA9771 /* DetailViewController.swift in Sources */,
				4532F4BB1C02F85200EA9771 /* MasterViewController.swift in Sources */,
				4532F4B91C02F85200EA9771 /* AppDelegate.swift in Sources */,
			);
			runOnlyForDeploymentPostprocessing = 0;
		};
/* End PBXSourcesBuildPhase section */

/* Begin PBXVariantGroup section */
		4532F4BE1C02F85200EA9771 /* Main.storyboard */ = {
			isa = PBXVariantGroup;
			children = (
				4532F4BF1C02F85200EA9771 /* Base */,
			);
			name = Main.storyboard;
			sourceTree = "<group>";
		};
		4532F4C31C02F85200EA9771 /* LaunchScreen.storyboard */ = {
			isa = PBXVariantGroup;
			children = (
				4532F4C41C02F85200EA9771 /* Base */,
			);
			name = LaunchScreen.storyboard;
			sourceTree = "<group>";
		};
/* End PBXVariantGroup section */

/* Begin XCBuildConfiguration section */
		4532F4C71C02F85200EA9771 /* Debug */ = {
			isa = XCBuildConfiguration;
			buildSettings = {
				ALWAYS_SEARCH_USER_PATHS = NO;
				CLANG_CXX_LANGUAGE_STANDARD = "gnu++0x";
				CLANG_CXX_LIBRARY = "libc++";
				CLANG_ENABLE_MODULES = YES;
				CLANG_ENABLE_OBJC_ARC = YES;
				CLANG_WARN_BOOL_CONVERSION = YES;
				CLANG_WARN_CONSTANT_CONVERSION = YES;
				CLANG_WARN_DIRECT_OBJC_ISA_USAGE = YES_ERROR;
				CLANG_WARN_EMPTY_BODY = YES;
				CLANG_WARN_ENUM_CONVERSION = YES;
				CLANG_WARN_INT_CONVERSION = YES;
				CLANG_WARN_OBJC_ROOT_CLASS = YES_ERROR;
				CLANG_WARN_UNREACHABLE_CODE = YES;
				CLANG_WARN__DUPLICATE_METHOD_MATCH = YES;
				"CODE_SIGN_IDENTITY[sdk=iphoneos*]" = "iPhone Developer";
				COPY_PHASE_STRIP = NO;
				DEBUG_INFORMATION_FORMAT = dwarf;
				ENABLE_STRICT_OBJC_MSGSEND = YES;
				ENABLE_TESTABILITY = YES;
				GCC_C_LANGUAGE_STANDARD = gnu99;
				GCC_DYNAMIC_NO_PIC = NO;
				GCC_NO_COMMON_BLOCKS = YES;
				GCC_OPTIMIZATION_LEVEL = 0;
				GCC_PREPROCESSOR_DEFINITIONS = (
					"DEBUG=1",
					"$(inherited)",
				);
				GCC_WARN_64_TO_32_BIT_CONVERSION = YES;
				GCC_WARN_ABOUT_RETURN_TYPE = YES_ERROR;
				GCC_WARN_UNDECLARED_SELECTOR = YES;
				GCC_WARN_UNINITIALIZED_AUTOS = YES_AGGRESSIVE;
				GCC_WARN_UNUSED_FUNCTION = YES;
				GCC_WARN_UNUSED_VARIABLE = YES;
				IPHONEOS_DEPLOYMENT_TARGET = 9.1;
				MTL_ENABLE_DEBUG_INFO = YES;
				ONLY_ACTIVE_ARCH = YES;
				SDKROOT = iphoneos;
				SWIFT_OPTIMIZATION_LEVEL = "-Onone";
				TARGETED_DEVICE_FAMILY = "1,2";
			};
			name = Debug;
		};
		4532F4C81C02F85200EA9771 /* Release */ = {
			isa = XCBuildConfiguration;
			buildSettings = {
				ALWAYS_SEARCH_USER_PATHS = NO;
				CLANG_CXX_LANGUAGE_STANDARD = "gnu++0x";
				CLANG_CXX_LIBRARY = "libc++";
				CLANG_ENABLE_MODULES = YES;
				CLANG_ENABLE_OBJC_ARC = YES;
				CLANG_WARN_BOOL_CONVERSION = YES;
				CLANG_WARN_CONSTANT_CONVERSION = YES;
				CLANG_WARN_DIRECT_OBJC_ISA_USAGE = YES_ERROR;
				CLANG_WARN_EMPTY_BODY = YES;
				CLANG_WARN_ENUM_CONVERSION = YES;
				CLANG_WARN_INT_CONVERSION = YES;
				CLANG_WARN_OBJC_ROOT_CLASS = YES_ERROR;
				CLANG_WARN_UNREACHABLE_CODE = YES;
				CLANG_WARN__DUPLICATE_METHOD_MATCH = YES;
				"CODE_SIGN_IDENTITY[sdk=iphoneos*]" = "iPhone Developer";
				COPY_PHASE_STRIP = NO;
				DEBUG_INFORMATION_FORMAT = "dwarf-with-dsym";
				ENABLE_NS_ASSERTIONS = NO;
				ENABLE_STRICT_OBJC_MSGSEND = YES;
				GCC_C_LANGUAGE_STANDARD = gnu99;
				GCC_NO_COMMON_BLOCKS = YES;
				GCC_WARN_64_TO_32_BIT_CONVERSION = YES;
				GCC_WARN_ABOUT_RETURN_TYPE = YES_ERROR;
				GCC_WARN_UNDECLARED_SELECTOR = YES;
				GCC_WARN_UNINITIALIZED_AUTOS = YES_AGGRESSIVE;
				GCC_WARN_UNUSED_FUNCTION = YES;
				GCC_WARN_UNUSED_VARIABLE = YES;
				IPHONEOS_DEPLOYMENT_TARGET = 9.1;
				MTL_ENABLE_DEBUG_INFO = NO;
				SDKROOT = iphoneos;
				TARGETED_DEVICE_FAMILY = "1,2";
				VALIDATE_PRODUCT = YES;
			};
			name = Release;
		};
		4532F4CA1C02F85200EA9771 /* Debug */ = {
			isa = XCBuildConfiguration;
			buildSettings = {
				ASSETCATALOG_COMPILER_APPICON_NAME = AppIcon;
				INFOPLIST_FILE = UserProfile/Info.plist;
				LD_RUNPATH_SEARCH_PATHS = "$(inherited) @executable_path/Frameworks";
				PRODUCT_BUNDLE_IDENTIFIER = ABC.UserProfile;
				PRODUCT_NAME = "$(TARGET_NAME)";
			};
			name = Debug;
		};
		4532F4CB1C02F85200EA9771 /* Release */ = {
			isa = XCBuildConfiguration;
			buildSettings = {
				ASSETCATALOG_COMPILER_APPICON_NAME = AppIcon;
				INFOPLIST_FILE = UserProfile/Info.plist;
				LD_RUNPATH_SEARCH_PATHS = "$(inherited) @executable_path/Frameworks";
				PRODUCT_BUNDLE_IDENTIFIER = ABC.UserProfile;
				PRODUCT_NAME = "$(TARGET_NAME)";
			};
			name = Release;
		};
/* End XCBuildConfiguration section */

/* Begin XCConfigurationList section */
		4532F4B01C02F85200EA9771 /* Build configuration list for PBXProject "UserProfile" */ = {
			isa = XCConfigurationList;
			buildConfigurations = (
				4532F4C71C02F85200EA9771 /* Debug */,
				4532F4C81C02F85200EA9771 /* Release */,
			);
			defaultConfigurationIsVisible = 0;
			defaultConfigurationName = Release;
		};
		4532F4C91C02F85200EA9771 /* Build configuration list for PBXNativeTarget "UserProfile" */ = {
			isa = XCConfigurationList;
			buildConfigurations = (
				4532F4CA1C02F85200EA9771 /* Debug */,
				4532F4CB1C02F85200EA9771 /* Release */,
			);
			defaultConfigurationIsVisible = 0;
		};
/* End XCConfigurationList section */
	};
	rootObject = 4532F4AD1C02F85200EA9771 /* Project object */;
}
